{
  "lockfileVersion": 1,
  "workspaces": {
    "": {
      "dependencies": {
        "@hookform/resolvers": "^5.1.1",
        "react-hook-form": "^7.60.0",
        "zod": "^3.25.76",
      },
    },
  },
  "packages": {
    "@hookform/resolvers": ["@hookform/resolvers@5.1.1", "", { "dependencies": { "@standard-schema/utils": "^0.3.0" }, "peerDependencies": { "react-hook-form": "^7.55.0" } }, "sha512-J/NVING3LMAEvexJkyTLjruSm7aOFx7QX21pzkiJfMoNG0wl5aFEjLTl7ay7IQb9EWY6AkrBy7tHL2Alijpdcg=="],

    "@standard-schema/utils": ["@standard-schema/utils@0.3.0", "", {}, "sha512-e7Mew686owMaPJVNNLs55PUvgz371nKgwsc4vxE49zsODpJEnxgxRo2y/OKrqueavXgZNMDVj3DdHFlaSAeU8g=="],

    "react": ["react@19.1.0", "", {}, "sha512-FS+XFBNvn3GTAWq26joslQgWNoFu08F4kl0J4CgdNKADkdSGXQyTCnKteIAJy96Br6YbpEU1LSzV5dYtjMkMDg=="],

    "react-hook-form": ["react-hook-form@7.60.0", "", { "peerDependencies": { "react": "^16.8.0 || ^17 || ^18 || ^19" } }, "sha512-SBrYOvMbDB7cV8ZfNpaiLcgjH/a1c7aK0lK+aNigpf4xWLO8q+o4tcvVurv3c4EOyzn/3dCsYt4GKD42VvJ/+A=="],

    "zod": ["zod@3.25.76", "", {}, "sha512-gzUt/qt81nXsFGKIFcC3YnfEAx5NkunCfnDlvuBSSFS02bcXu4Lmea0AFIUwbLWxWPx3d9p8S5QoaujKcNQxcQ=="],
  }
}
